{
  "version": 4,
  "terraform_version": "1.0.9",
  "serial": 251,
  "lineage": "3926868d-9b0d-8ae8-3c12-327f475f8cad",
  "outputs": {},
  "resources": [
    {
      "mode": "data",
      "type": "google_organization",
      "name": "this",
      "provider": "provider[\"registry.terraform.io/hashicorp/google\"]",
      "instances": [
        {
          "schema_version": 0,
          "attributes": {
            "create_time": "2017-04-26T12:42:59.894Z",
            "directory_customer_id": "C02x9m50f",
            "domain": "delineate.io",
            "id": "organizations/628541688951",
            "lifecycle_state": "ACTIVE",
            "name": "organizations/628541688951",
            "org_id": "628541688951",
            "organization": null
          },
          "sensitive_attributes": []
        }
      ]
    },
    {
      "module": "module.bra",
      "mode": "managed",
      "type": "google_folder",
      "name": "this",
      "provider": "provider[\"registry.terraform.io/hashicorp/google\"]",
      "instances": [
        {
          "schema_version": 0,
          "attributes": {
            "create_time": "2021-10-26T23:27:35.758Z",
            "display_name": "bra",
            "folder_id": "702980394081",
            "id": "folders/702980394081",
            "lifecycle_state": "ACTIVE",
            "name": "folders/702980394081",
            "parent": "folders/73580939175",
            "timeouts": null
          },
          "sensitive_attributes": [],
          "private": "eyJlMmJmYjczMC1lY2FhLTExZTYtOGY4OC0zNDM2M2JjN2M0YzAiOnsiY3JlYXRlIjoyNDAwMDAwMDAwMDAsImRlbGV0ZSI6MjQwMDAwMDAwMDAwLCJyZWFkIjoyNDAwMDAwMDAwMDAsInVwZGF0ZSI6MjQwMDAwMDAwMDAwfX0=",
          "dependencies": [
            "module.countries.google_folder.this"
          ]
        }
      ]
    },
    {
      "module": "module.client",
      "mode": "managed",
      "type": "google_folder",
      "name": "this",
      "provider": "provider[\"registry.terraform.io/hashicorp/google\"]",
      "instances": [
        {
          "schema_version": 0,
          "attributes": {
            "create_time": "2021-10-26T23:04:33.250Z",
            "display_name": "gbr-hsbc",
            "folder_id": "963926228095",
            "id": "folders/963926228095",
            "lifecycle_state": "ACTIVE",
            "name": "folders/963926228095",
            "parent": "folders/753136096460",
            "timeouts": null
          },
          "sensitive_attributes": [],
          "private": "eyJlMmJmYjczMC1lY2FhLTExZTYtOGY4OC0zNDM2M2JjN2M0YzAiOnsiY3JlYXRlIjoyNDAwMDAwMDAwMDAsImRlbGV0ZSI6MjQwMDAwMDAwMDAwLCJyZWFkIjoyNDAwMDAwMDAwMDAsInVwZGF0ZSI6MjQwMDAwMDAwMDAwfX0=",
          "dependencies": [
            "module.countries.data.google_organization.this",
            "module.countries.google_folder.this",
            "module.gbr.google_folder.this"
          ]
        }
      ]
    },
    {
      "module": "module.common",
      "mode": "data",
      "type": "google_organization",
      "name": "this",
      "provider": "provider[\"registry.terraform.io/hashicorp/google\"]",
      "instances": [
        {
          "schema_version": 0,
          "attributes": {
            "create_time": "2017-04-26T12:42:59.894Z",
            "directory_customer_id": "C02x9m50f",
            "domain": "delineate.io",
            "id": "organizations/628541688951",
            "lifecycle_state": "ACTIVE",
            "name": "organizations/628541688951",
            "org_id": "628541688951",
            "organization": null
          },
          "sensitive_attributes": []
        }
      ]
    },
    {
      "module": "module.common",
      "mode": "managed",
      "type": "google_folder",
      "name": "this",
      "provider": "provider[\"registry.terraform.io/hashicorp/google\"]",
      "instances": [
        {
          "schema_version": 0,
          "attributes": {
            "create_time": "2021-10-26T23:04:03.422Z",
            "display_name": "common",
            "folder_id": "585894821814",
            "id": "folders/585894821814",
            "lifecycle_state": "ACTIVE",
            "name": "folders/585894821814",
            "parent": "organizations/628541688951",
            "timeouts": null
          },
          "sensitive_attributes": [],
          "private": "eyJlMmJmYjczMC1lY2FhLTExZTYtOGY4OC0zNDM2M2JjN2M0YzAiOnsiY3JlYXRlIjoyNDAwMDAwMDAwMDAsImRlbGV0ZSI6MjQwMDAwMDAwMDAwLCJyZWFkIjoyNDAwMDAwMDAwMDAsInVwZGF0ZSI6MjQwMDAwMDAwMDAwfX0=",
          "dependencies": [
            "module.common.data.google_organization.this"
          ]
        }
      ]
    },
    {
      "module": "module.countries",
      "mode": "data",
      "type": "google_organization",
      "name": "this",
      "provider": "provider[\"registry.terraform.io/hashicorp/google\"]",
      "instances": [
        {
          "schema_version": 0,
          "attributes": {
            "create_time": "2017-04-26T12:42:59.894Z",
            "directory_customer_id": "C02x9m50f",
            "domain": "delineate.io",
            "id": "organizations/628541688951",
            "lifecycle_state": "ACTIVE",
            "name": "organizations/628541688951",
            "org_id": "628541688951",
            "organization": null
          },
          "sensitive_attributes": []
        }
      ]
    },
    {
      "module": "module.countries",
      "mode": "managed",
      "type": "google_folder",
      "name": "this",
      "provider": "provider[\"registry.terraform.io/hashicorp/google\"]",
      "instances": [
        {
          "schema_version": 0,
          "attributes": {
            "create_time": "2021-10-26T23:04:03.403Z",
            "display_name": "countries",
            "folder_id": "73580939175",
            "id": "folders/73580939175",
            "lifecycle_state": "ACTIVE",
            "name": "folders/73580939175",
            "parent": "organizations/628541688951",
            "timeouts": null
          },
          "sensitive_attributes": [],
          "private": "eyJlMmJmYjczMC1lY2FhLTExZTYtOGY4OC0zNDM2M2JjN2M0YzAiOnsiY3JlYXRlIjoyNDAwMDAwMDAwMDAsImRlbGV0ZSI6MjQwMDAwMDAwMDAwLCJyZWFkIjoyNDAwMDAwMDAwMDAsInVwZGF0ZSI6MjQwMDAwMDAwMDAwfX0=",
          "dependencies": [
            "module.countries.data.google_organization.this"
          ]
        }
      ]
    },
    {
      "module": "module.countries.module.policies",
      "mode": "data",
      "type": "google_organization",
      "name": "this",
      "provider": "provider[\"registry.terraform.io/hashicorp/google\"]",
      "instances": [
        {
          "schema_version": 0,
          "attributes": {
            "create_time": "2017-04-26T12:42:59.894Z",
            "directory_customer_id": "C02x9m50f",
            "domain": "delineate.io",
            "id": "organizations/628541688951",
            "lifecycle_state": "ACTIVE",
            "name": "organizations/628541688951",
            "org_id": "628541688951",
            "organization": null
          },
          "sensitive_attributes": []
        }
      ]
    },
    {
      "module": "module.countries.module.policies.module.allow_customer_policies[\"constraints/iam.allowedPolicyMemberDomains\"]",
      "mode": "managed",
      "type": "google_organization_policy",
      "name": "org_policy_list_allow_values",
      "provider": "provider[\"registry.terraform.io/hashicorp/google\"]",
      "instances": [
        {
          "index_key": 0,
          "schema_version": 0,
          "attributes": {
            "boolean_policy": [],
            "constraint": "constraints/iam.allowedPolicyMemberDomains",
            "etag": "CO+S4osGEPjzyLIC",
            "id": "628541688951/constraints/iam.allowedPolicyMemberDomains",
            "list_policy": [
              {
                "allow": [
                  {
                    "all": false,
                    "values": [
                      "C02x9m50f"
                    ]
                  }
                ],
                "deny": [],
                "inherit_from_parent": false,
                "suggested_value": ""
              }
            ],
            "org_id": "628541688951",
            "restore_policy": [],
            "timeouts": null,
            "update_time": "2021-10-26T23:04:15.642923Z",
            "version": 0
          },
          "sensitive_attributes": [],
          "private": "eyJlMmJmYjczMC1lY2FhLTExZTYtOGY4OC0zNDM2M2JjN2M0YzAiOnsiY3JlYXRlIjoyNDAwMDAwMDAwMDAsImRlbGV0ZSI6MjQwMDAwMDAwMDAwLCJyZWFkIjoyNDAwMDAwMDAwMDAsInVwZGF0ZSI6MjQwMDAwMDAwMDAwfX0=",
          "dependencies": [
            "module.countries.module.policies.data.google_organization.this"
          ]
        }
      ]
    },
    {
      "module": "module.countries.module.policies.module.allow_domain_policies[\"constraints/essentialcontacts.allowedContactDomains\"]",
      "mode": "managed",
      "type": "google_organization_policy",
      "name": "org_policy_list_allow_values",
      "provider": "provider[\"registry.terraform.io/hashicorp/google\"]",
      "instances": [
        {
          "index_key": 0,
          "schema_version": 0,
          "attributes": {
            "boolean_policy": [],
            "constraint": "constraints/essentialcontacts.allowedContactDomains",
            "etag": "COOS4osGEOi3mL0D",
            "id": "628541688951/constraints/essentialcontacts.allowedContactDomains",
            "list_policy": [
              {
                "allow": [
                  {
                    "all": false,
                    "values": [
                      "@delineate.io"
                    ]
                  }
                ],
                "deny": [],
                "inherit_from_parent": false,
                "suggested_value": ""
              }
            ],
            "org_id": "628541688951",
            "restore_policy": [],
            "timeouts": null,
            "update_time": "2021-10-26T23:04:03.933633Z",
            "version": 0
          },
          "sensitive_attributes": [],
          "private": "eyJlMmJmYjczMC1lY2FhLTExZTYtOGY4OC0zNDM2M2JjN2M0YzAiOnsiY3JlYXRlIjoyNDAwMDAwMDAwMDAsImRlbGV0ZSI6MjQwMDAwMDAwMDAwLCJyZWFkIjoyNDAwMDAwMDAwMDAsInVwZGF0ZSI6MjQwMDAwMDAwMDAwfX0=",
          "dependencies": [
            "module.countries.module.policies.data.google_organization.this"
          ]
        }
      ]
    },
    {
      "module": "module.countries.module.policies.module.deny_all_policies[\"constraints/compute.disablePrivateServiceConnectCreationForConsumers\"]",
      "mode": "managed",
      "type": "google_organization_policy",
      "name": "org_policy_list_deny_all",
      "provider": "provider[\"registry.terraform.io/hashicorp/google\"]",
      "instances": [
        {
          "index_key": 0,
          "schema_version": 0,
          "attributes": {
            "boolean_policy": [],
            "constraint": "constraints/compute.disablePrivateServiceConnectCreationForConsumers",
            "etag": "COuS4osGEKDXl/oB",
            "id": "628541688951/constraints/compute.disablePrivateServiceConnectCreationForConsumers",
            "list_policy": [
              {
                "allow": [],
                "deny": [
                  {
                    "all": true,
                    "values": []
                  }
                ],
                "inherit_from_parent": false,
                "suggested_value": ""
              }
            ],
            "org_id": "628541688951",
            "restore_policy": [],
            "timeouts": null,
            "update_time": "2021-10-26T23:04:11.524676Z",
            "version": 0
          },
          "sensitive_attributes": [],
          "private": "eyJlMmJmYjczMC1lY2FhLTExZTYtOGY4OC0zNDM2M2JjN2M0YzAiOnsiY3JlYXRlIjoyNDAwMDAwMDAwMDAsImRlbGV0ZSI6MjQwMDAwMDAwMDAwLCJyZWFkIjoyNDAwMDAwMDAwMDAsInVwZGF0ZSI6MjQwMDAwMDAwMDAwfX0=",
          "dependencies": [
            "module.countries.module.policies.data.google_organization.this"
          ]
        }
      ]
    },
    {
      "module": "module.countries.module.policies.module.deny_all_policies[\"constraints/compute.restrictDedicatedInterconnectUsage\"]",
      "mode": "managed",
      "type": "google_organization_policy",
      "name": "org_policy_list_deny_all",
      "provider": "provider[\"registry.terraform.io/hashicorp/google\"]",
      "instances": [
        {
          "index_key": 0,
          "schema_version": 0,
          "attributes": {
            "boolean_policy": [],
            "constraint": "constraints/compute.restrictDedicatedInterconnectUsage",
            "etag": "CO2S4osGEMDm5cYB",
            "id": "628541688951/constraints/compute.restrictDedicatedInterconnectUsage",
            "list_policy": [
              {
                "allow": [],
                "deny": [
                  {
                    "all": true,
                    "values": []
                  }
                ],
                "inherit_from_parent": false,
                "suggested_value": ""
              }
            ],
            "org_id": "628541688951",
            "restore_policy": [],
            "timeouts": null,
            "update_time": "2021-10-26T23:04:13.416904Z",
            "version": 0
          },
          "sensitive_attributes": [],
          "private": "eyJlMmJmYjczMC1lY2FhLTExZTYtOGY4OC0zNDM2M2JjN2M0YzAiOnsiY3JlYXRlIjoyNDAwMDAwMDAwMDAsImRlbGV0ZSI6MjQwMDAwMDAwMDAwLCJyZWFkIjoyNDAwMDAwMDAwMDAsInVwZGF0ZSI6MjQwMDAwMDAwMDAwfX0=",
          "dependencies": [
            "module.countries.module.policies.data.google_organization.this"
          ]
        }
      ]
    },
    {
      "module": "module.countries.module.policies.module.deny_all_policies[\"constraints/compute.restrictDirectGoogleAccess\"]",
      "mode": "managed",
      "type": "google_organization_policy",
      "name": "org_policy_list_deny_all",
      "provider": "provider[\"registry.terraform.io/hashicorp/google\"]",
      "instances": [
        {
          "index_key": 0,
          "schema_version": 0,
          "attributes": {
            "boolean_policy": [],
            "constraint": "constraints/compute.restrictDirectGoogleAccess",
            "etag": "CO6S4osGEIDZ4bEC",
            "id": "628541688951/constraints/compute.restrictDirectGoogleAccess",
            "list_policy": [
              {
                "allow": [],
                "deny": [
                  {
                    "all": true,
                    "values": []
                  }
                ],
                "inherit_from_parent": false,
                "suggested_value": ""
              }
            ],
            "org_id": "628541688951",
            "restore_policy": [],
            "timeouts": null,
            "update_time": "2021-10-26T23:04:14.641232Z",
            "version": 0
          },
          "sensitive_attributes": [],
          "private": "eyJlMmJmYjczMC1lY2FhLTExZTYtOGY4OC0zNDM2M2JjN2M0YzAiOnsiY3JlYXRlIjoyNDAwMDAwMDAwMDAsImRlbGV0ZSI6MjQwMDAwMDAwMDAwLCJyZWFkIjoyNDAwMDAwMDAwMDAsInVwZGF0ZSI6MjQwMDAwMDAwMDAwfX0=",
          "dependencies": [
            "module.countries.module.policies.data.google_organization.this"
          ]
        }
      ]
    },
    {
      "module": "module.countries.module.policies.module.deny_all_policies[\"constraints/compute.restrictPartnerInterconnectUsage\"]",
      "mode": "managed",
      "type": "google_organization_policy",
      "name": "org_policy_list_deny_all",
      "provider": "provider[\"registry.terraform.io/hashicorp/google\"]",
      "instances": [
        {
          "index_key": 0,
          "schema_version": 0,
          "attributes": {
            "boolean_policy": [],
            "constraint": "constraints/compute.restrictPartnerInterconnectUsage",
            "etag": "CO2S4osGELjrtrIC",
            "id": "628541688951/constraints/compute.restrictPartnerInterconnectUsage",
            "list_policy": [
              {
                "allow": [],
                "deny": [
                  {
                    "all": true,
                    "values": []
                  }
                ],
                "inherit_from_parent": false,
                "suggested_value": ""
              }
            ],
            "org_id": "628541688951",
            "restore_policy": [],
            "timeouts": null,
            "update_time": "2021-10-26T23:04:13.642627Z",
            "version": 0
          },
          "sensitive_attributes": [],
          "private": "eyJlMmJmYjczMC1lY2FhLTExZTYtOGY4OC0zNDM2M2JjN2M0YzAiOnsiY3JlYXRlIjoyNDAwMDAwMDAwMDAsImRlbGV0ZSI6MjQwMDAwMDAwMDAwLCJyZWFkIjoyNDAwMDAwMDAwMDAsInVwZGF0ZSI6MjQwMDAwMDAwMDAwfX0=",
          "dependencies": [
            "module.countries.module.policies.data.google_organization.this"
          ]
        }
      ]
    },
    {
      "module": "module.countries.module.policies.module.deny_all_policies[\"constraints/compute.restrictProtocolForwardingCreationForTypes\"]",
      "mode": "managed",
      "type": "google_organization_policy",
      "name": "org_policy_list_deny_all",
      "provider": "provider[\"registry.terraform.io/hashicorp/google\"]",
      "instances": [
        {
          "index_key": 0,
          "schema_version": 0,
          "attributes": {
            "boolean_policy": [],
            "constraint": "constraints/compute.restrictProtocolForwardingCreationForTypes",
            "etag": "CO2S4osGEJislYkC",
            "id": "628541688951/constraints/compute.restrictProtocolForwardingCreationForTypes",
            "list_policy": [
              {
                "allow": [],
                "deny": [
                  {
                    "all": true,
                    "values": []
                  }
                ],
                "inherit_from_parent": false,
                "suggested_value": ""
              }
            ],
            "org_id": "628541688951",
            "restore_policy": [],
            "timeouts": null,
            "update_time": "2021-10-26T23:04:13.556095Z",
            "version": 0
          },
          "sensitive_attributes": [],
          "private": "eyJlMmJmYjczMC1lY2FhLTExZTYtOGY4OC0zNDM2M2JjN2M0YzAiOnsiY3JlYXRlIjoyNDAwMDAwMDAwMDAsImRlbGV0ZSI6MjQwMDAwMDAwMDAwLCJyZWFkIjoyNDAwMDAwMDAwMDAsInVwZGF0ZSI6MjQwMDAwMDAwMDAwfX0=",
          "dependencies": [
            "module.countries.module.policies.data.google_organization.this"
          ]
        }
      ]
    },
    {
      "module": "module.countries.module.policies.module.deny_all_policies[\"constraints/compute.restrictSharedVpcHostProjects\"]",
      "mode": "managed",
      "type": "google_organization_policy",
      "name": "org_policy_list_deny_all",
      "provider": "provider[\"registry.terraform.io/hashicorp/google\"]",
      "instances": [
        {
          "index_key": 0,
          "schema_version": 0,
          "attributes": {
            "boolean_policy": [],
            "constraint": "constraints/compute.restrictSharedVpcHostProjects",
            "etag": "COuS4osGEPiBvJYD",
            "id": "628541688951/constraints/compute.restrictSharedVpcHostProjects",
            "list_policy": [
              {
                "allow": [],
                "deny": [
                  {
                    "all": true,
                    "values": []
                  }
                ],
                "inherit_from_parent": false,
                "suggested_value": ""
              }
            ],
            "org_id": "628541688951",
            "restore_policy": [],
            "timeouts": null,
            "update_time": "2021-10-26T23:04:11.852427Z",
            "version": 0
          },
          "sensitive_attributes": [],
          "private": "eyJlMmJmYjczMC1lY2FhLTExZTYtOGY4OC0zNDM2M2JjN2M0YzAiOnsiY3JlYXRlIjoyNDAwMDAwMDAwMDAsImRlbGV0ZSI6MjQwMDAwMDAwMDAwLCJyZWFkIjoyNDAwMDAwMDAwMDAsInVwZGF0ZSI6MjQwMDAwMDAwMDAwfX0=",
          "dependencies": [
            "module.countries.module.policies.data.google_organization.this"
          ]
        }
      ]
    },
    {
      "module": "module.countries.module.policies.module.deny_all_policies[\"constraints/compute.restrictSharedVpcSubnetworks\"]",
      "mode": "managed",
      "type": "google_organization_policy",
      "name": "org_policy_list_deny_all",
      "provider": "provider[\"registry.terraform.io/hashicorp/google\"]",
      "instances": [
        {
          "index_key": 0,
          "schema_version": 0,
          "attributes": {
            "boolean_policy": [],
            "constraint": "constraints/compute.restrictSharedVpcSubnetworks",
            "etag": "CO2S4osGEMjEp8cB",
            "id": "628541688951/constraints/compute.restrictSharedVpcSubnetworks",
            "list_policy": [
              {
                "allow": [],
                "deny": [
                  {
                    "all": true,
                    "values": []
                  }
                ],
                "inherit_from_parent": false,
                "suggested_value": ""
              }
            ],
            "org_id": "628541688951",
            "restore_policy": [],
            "timeouts": null,
            "update_time": "2021-10-26T23:04:13.417981Z",
            "version": 0
          },
          "sensitive_attributes": [],
          "private": "eyJlMmJmYjczMC1lY2FhLTExZTYtOGY4OC0zNDM2M2JjN2M0YzAiOnsiY3JlYXRlIjoyNDAwMDAwMDAwMDAsImRlbGV0ZSI6MjQwMDAwMDAwMDAwLCJyZWFkIjoyNDAwMDAwMDAwMDAsInVwZGF0ZSI6MjQwMDAwMDAwMDAwfX0=",
          "dependencies": [
            "module.countries.module.policies.data.google_organization.this"
          ]
        }
      ]
    },
    {
      "module": "module.countries.module.policies.module.deny_all_policies[\"constraints/compute.restrictVpcPeering\"]",
      "mode": "managed",
      "type": "google_organization_policy",
      "name": "org_policy_list_deny_all",
      "provider": "provider[\"registry.terraform.io/hashicorp/google\"]",
      "instances": [
        {
          "index_key": 0,
          "schema_version": 0,
          "attributes": {
            "boolean_policy": [],
            "constraint": "constraints/compute.restrictVpcPeering",
            "etag": "CO+S4osGELDk9P4B",
            "id": "628541688951/constraints/compute.restrictVpcPeering",
            "list_policy": [
              {
                "allow": [],
                "deny": [
                  {
                    "all": true,
                    "values": []
                  }
                ],
                "inherit_from_parent": false,
                "suggested_value": ""
              }
            ],
            "org_id": "628541688951",
            "restore_policy": [],
            "timeouts": null,
            "update_time": "2021-10-26T23:04:15.534590Z",
            "version": 0
          },
          "sensitive_attributes": [],
          "private": "eyJlMmJmYjczMC1lY2FhLTExZTYtOGY4OC0zNDM2M2JjN2M0YzAiOnsiY3JlYXRlIjoyNDAwMDAwMDAwMDAsImRlbGV0ZSI6MjQwMDAwMDAwMDAwLCJyZWFkIjoyNDAwMDAwMDAwMDAsInVwZGF0ZSI6MjQwMDAwMDAwMDAwfX0=",
          "dependencies": [
            "module.countries.module.policies.data.google_organization.this"
          ]
        }
      ]
    },
    {
      "module": "module.countries.module.policies.module.deny_all_policies[\"constraints/compute.restrictVpnPeerIPs\"]",
      "mode": "managed",
      "type": "google_organization_policy",
      "name": "org_policy_list_deny_all",
      "provider": "provider[\"registry.terraform.io/hashicorp/google\"]",
      "instances": [
        {
          "index_key": 0,
          "schema_version": 0,
          "attributes": {
            "boolean_policy": [],
            "constraint": "constraints/compute.restrictVpnPeerIPs",
            "etag": "COuS4osGEPi42vsB",
            "id": "628541688951/constraints/compute.restrictVpnPeerIPs",
            "list_policy": [
              {
                "allow": [],
                "deny": [
                  {
                    "all": true,
                    "values": []
                  }
                ],
                "inherit_from_parent": false,
                "suggested_value": ""
              }
            ],
            "org_id": "628541688951",
            "restore_policy": [],
            "timeouts": null,
            "update_time": "2021-10-26T23:04:11.527867Z",
            "version": 0
          },
          "sensitive_attributes": [],
          "private": "eyJlMmJmYjczMC1lY2FhLTExZTYtOGY4OC0zNDM2M2JjN2M0YzAiOnsiY3JlYXRlIjoyNDAwMDAwMDAwMDAsImRlbGV0ZSI6MjQwMDAwMDAwMDAwLCJyZWFkIjoyNDAwMDAwMDAwMDAsInVwZGF0ZSI6MjQwMDAwMDAwMDAwfX0=",
          "dependencies": [
            "module.countries.module.policies.data.google_organization.this"
          ]
        }
      ]
    },
    {
      "module": "module.countries.module.policies.module.deny_all_policies[\"constraints/compute.vmCanIpForward\"]",
      "mode": "managed",
      "type": "google_organization_policy",
      "name": "org_policy_list_deny_all",
      "provider": "provider[\"registry.terraform.io/hashicorp/google\"]",
      "instances": [
        {
          "index_key": 0,
          "schema_version": 0,
          "attributes": {
            "boolean_policy": [],
            "constraint": "constraints/compute.vmCanIpForward",
            "etag": "CO+S4osGEKj3tP8B",
            "id": "628541688951/constraints/compute.vmCanIpForward",
            "list_policy": [
              {
                "allow": [],
                "deny": [
                  {
                    "all": true,
                    "values": []
                  }
                ],
                "inherit_from_parent": false,
                "suggested_value": ""
              }
            ],
            "org_id": "628541688951",
            "restore_policy": [],
            "timeouts": null,
            "update_time": "2021-10-26T23:04:15.535641Z",
            "version": 0
          },
          "sensitive_attributes": [],
          "private": "eyJlMmJmYjczMC1lY2FhLTExZTYtOGY4OC0zNDM2M2JjN2M0YzAiOnsiY3JlYXRlIjoyNDAwMDAwMDAwMDAsImRlbGV0ZSI6MjQwMDAwMDAwMDAwLCJyZWFkIjoyNDAwMDAwMDAwMDAsInVwZGF0ZSI6MjQwMDAwMDAwMDAwfX0=",
          "dependencies": [
            "module.countries.module.policies.data.google_organization.this"
          ]
        }
      ]
    },
    {
      "module": "module.countries.module.policies.module.deny_all_policies[\"constraints/compute.vmExternalIpAccess\"]",
      "mode": "managed",
      "type": "google_organization_policy",
      "name": "org_policy_list_deny_all",
      "provider": "provider[\"registry.terraform.io/hashicorp/google\"]",
      "instances": [
        {
          "index_key": 0,
          "schema_version": 0,
          "attributes": {
            "boolean_policy": [],
            "constraint": "constraints/compute.vmExternalIpAccess",
            "etag": "COuS4osGEPiKuZYD",
            "id": "628541688951/constraints/compute.vmExternalIpAccess",
            "list_policy": [
              {
                "allow": [],
                "deny": [
                  {
                    "all": true,
                    "values": []
                  }
                ],
                "inherit_from_parent": false,
                "suggested_value": ""
              }
            ],
            "org_id": "628541688951",
            "restore_policy": [],
            "timeouts": null,
            "update_time": "2021-10-26T23:04:11.852379Z",
            "version": 0
          },
          "sensitive_attributes": [],
          "private": "eyJlMmJmYjczMC1lY2FhLTExZTYtOGY4OC0zNDM2M2JjN2M0YzAiOnsiY3JlYXRlIjoyNDAwMDAwMDAwMDAsImRlbGV0ZSI6MjQwMDAwMDAwMDAwLCJyZWFkIjoyNDAwMDAwMDAwMDAsInVwZGF0ZSI6MjQwMDAwMDAwMDAwfX0=",
          "dependencies": [
            "module.countries.module.policies.data.google_organization.this"
          ]
        }
      ]
    },
    {
      "module": "module.countries.module.policies.module.deny_all_policies[\"constraints/iam.allowServiceAccountCredentialLifetimeExtension\"]",
      "mode": "managed",
      "type": "google_organization_policy",
      "name": "org_policy_list_deny_all",
      "provider": "provider[\"registry.terraform.io/hashicorp/google\"]",
      "instances": [
        {
          "index_key": 0,
          "schema_version": 0,
          "attributes": {
            "boolean_policy": [],
            "constraint": "constraints/iam.allowServiceAccountCredentialLifetimeExtension",
            "etag": "COyS4osGELid9tIB",
            "id": "628541688951/constraints/iam.allowServiceAccountCredentialLifetimeExtension",
            "list_policy": [
              {
                "allow": [],
                "deny": [
                  {
                    "all": true,
                    "values": []
                  }
                ],
                "inherit_from_parent": false,
                "suggested_value": ""
              }
            ],
            "org_id": "628541688951",
            "restore_policy": [],
            "timeouts": null,
            "update_time": "2021-10-26T23:04:12.442339Z",
            "version": 0
          },
          "sensitive_attributes": [],
          "private": "eyJlMmJmYjczMC1lY2FhLTExZTYtOGY4OC0zNDM2M2JjN2M0YzAiOnsiY3JlYXRlIjoyNDAwMDAwMDAwMDAsImRlbGV0ZSI6MjQwMDAwMDAwMDAwLCJyZWFkIjoyNDAwMDAwMDAwMDAsInVwZGF0ZSI6MjQwMDAwMDAwMDAwfX0=",
          "dependencies": [
            "module.countries.module.policies.data.google_organization.this"
          ]
        }
      ]
    },
    {
      "module": "module.countries.module.policies.module.deny_all_policies[\"constraints/iam.workloadIdentityPoolAwsAccounts\"]",
      "mode": "managed",
      "type": "google_organization_policy",
      "name": "org_policy_list_deny_all",
      "provider": "provider[\"registry.terraform.io/hashicorp/google\"]",
      "instances": [
        {
          "index_key": 0,
          "schema_version": 0,
          "attributes": {
            "boolean_policy": [],
            "constraint": "constraints/iam.workloadIdentityPoolAwsAccounts",
            "etag": "COuS4osGEOj9hLEC",
            "id": "628541688951/constraints/iam.workloadIdentityPoolAwsAccounts",
            "list_policy": [
              {
                "allow": [],
                "deny": [
                  {
                    "all": true,
                    "values": []
                  }
                ],
                "inherit_from_parent": false,
                "suggested_value": ""
              }
            ],
            "org_id": "628541688951",
            "restore_policy": [],
            "timeouts": null,
            "update_time": "2021-10-26T23:04:11.639713Z",
            "version": 0
          },
          "sensitive_attributes": [],
          "private": "eyJlMmJmYjczMC1lY2FhLTExZTYtOGY4OC0zNDM2M2JjN2M0YzAiOnsiY3JlYXRlIjoyNDAwMDAwMDAwMDAsImRlbGV0ZSI6MjQwMDAwMDAwMDAwLCJyZWFkIjoyNDAwMDAwMDAwMDAsInVwZGF0ZSI6MjQwMDAwMDAwMDAwfX0=",
          "dependencies": [
            "module.countries.module.policies.data.google_organization.this"
          ]
        }
      ]
    },
    {
      "module": "module.countries.module.policies.module.deny_all_policies[\"constraints/iam.workloadIdentityPoolProviders\"]",
      "mode": "managed",
      "type": "google_organization_policy",
      "name": "org_policy_list_deny_all",
      "provider": "provider[\"registry.terraform.io/hashicorp/google\"]",
      "instances": [
        {
          "index_key": 0,
          "schema_version": 0,
          "attributes": {
            "boolean_policy": [],
            "constraint": "constraints/iam.workloadIdentityPoolProviders",
            "etag": "COuS4osGEJCDmfoB",
            "id": "628541688951/constraints/iam.workloadIdentityPoolProviders",
            "list_policy": [
              {
                "allow": [],
                "deny": [
                  {
                    "all": true,
                    "values": []
                  }
                ],
                "inherit_from_parent": false,
                "suggested_value": ""
              }
            ],
            "org_id": "628541688951",
            "restore_policy": [],
            "timeouts": null,
            "update_time": "2021-10-26T23:04:11.524698Z",
            "version": 0
          },
          "sensitive_attributes": [],
          "private": "eyJlMmJmYjczMC1lY2FhLTExZTYtOGY4OC0zNDM2M2JjN2M0YzAiOnsiY3JlYXRlIjoyNDAwMDAwMDAwMDAsImRlbGV0ZSI6MjQwMDAwMDAwMDAwLCJyZWFkIjoyNDAwMDAwMDAwMDAsInVwZGF0ZSI6MjQwMDAwMDAwMDAwfX0=",
          "dependencies": [
            "module.countries.module.policies.data.google_organization.this"
          ]
        }
      ]
    },
    {
      "module": "module.countries.module.policies.module.deny_all_policies[\"constraints/resourcemanager.allowEnabledServicesForExport\"]",
      "mode": "managed",
      "type": "google_organization_policy",
      "name": "org_policy_list_deny_all",
      "provider": "provider[\"registry.terraform.io/hashicorp/google\"]",
      "instances": [
        {
          "index_key": 0,
          "schema_version": 0,
          "attributes": {
            "boolean_policy": [],
            "constraint": "constraints/resourcemanager.allowEnabledServicesForExport",
            "etag": "COWS4osGEJDlh4MC",
            "id": "628541688951/constraints/resourcemanager.allowEnabledServicesForExport",
            "list_policy": [
              {
                "allow": [],
                "deny": [
                  {
                    "all": true,
                    "values": []
                  }
                ],
                "inherit_from_parent": false,
                "suggested_value": ""
              }
            ],
            "org_id": "628541688951",
            "restore_policy": [],
            "timeouts": null,
            "update_time": "2021-10-26T23:04:05.543290Z",
            "version": 0
          },
          "sensitive_attributes": [],
          "private": "eyJlMmJmYjczMC1lY2FhLTExZTYtOGY4OC0zNDM2M2JjN2M0YzAiOnsiY3JlYXRlIjoyNDAwMDAwMDAwMDAsImRlbGV0ZSI6MjQwMDAwMDAwMDAwLCJyZWFkIjoyNDAwMDAwMDAwMDAsInVwZGF0ZSI6MjQwMDAwMDAwMDAwfX0=",
          "dependencies": [
            "module.countries.module.policies.data.google_organization.this"
          ]
        }
      ]
    },
    {
      "module": "module.countries.module.policies.module.deny_all_policies[\"constraints/resourcemanager.allowedExportDestinations\"]",
      "mode": "managed",
      "type": "google_organization_policy",
      "name": "org_policy_list_deny_all",
      "provider": "provider[\"registry.terraform.io/hashicorp/google\"]",
      "instances": [
        {
          "index_key": 0,
          "schema_version": 0,
          "attributes": {
            "boolean_policy": [],
            "constraint": "constraints/resourcemanager.allowedExportDestinations",
            "etag": "CO2S4osGEPjk+/kB",
            "id": "628541688951/constraints/resourcemanager.allowedExportDestinations",
            "list_policy": [
              {
                "allow": [],
                "deny": [
                  {
                    "all": true,
                    "values": []
                  }
                ],
                "inherit_from_parent": false,
                "suggested_value": ""
              }
            ],
            "org_id": "628541688951",
            "restore_policy": [],
            "timeouts": null,
            "update_time": "2021-10-26T23:04:13.524219Z",
            "version": 0
          },
          "sensitive_attributes": [],
          "private": "eyJlMmJmYjczMC1lY2FhLTExZTYtOGY4OC0zNDM2M2JjN2M0YzAiOnsiY3JlYXRlIjoyNDAwMDAwMDAwMDAsImRlbGV0ZSI6MjQwMDAwMDAwMDAwLCJyZWFkIjoyNDAwMDAwMDAwMDAsInVwZGF0ZSI6MjQwMDAwMDAwMDAwfX0=",
          "dependencies": [
            "module.countries.module.policies.data.google_organization.this"
          ]
        }
      ]
    },
    {
      "module": "module.countries.module.policies.module.deny_all_policies[\"constraints/resourcemanager.allowedImportSources\"]",
      "mode": "managed",
      "type": "google_organization_policy",
      "name": "org_policy_list_deny_all",
      "provider": "provider[\"registry.terraform.io/hashicorp/google\"]",
      "instances": [
        {
          "index_key": 0,
          "schema_version": 0,
          "attributes": {
            "boolean_policy": [],
            "constraint": "constraints/resourcemanager.allowedImportSources",
            "etag": "CO2S4osGEKCnxJ0B",
            "id": "628541688951/constraints/resourcemanager.allowedImportSources",
            "list_policy": [
              {
                "allow": [],
                "deny": [
                  {
                    "all": true,
                    "values": []
                  }
                ],
                "inherit_from_parent": false,
                "suggested_value": ""
              }
            ],
            "org_id": "628541688951",
            "restore_policy": [],
            "timeouts": null,
            "update_time": "2021-10-26T23:04:13.330372Z",
            "version": 0
          },
          "sensitive_attributes": [],
          "private": "eyJlMmJmYjczMC1lY2FhLTExZTYtOGY4OC0zNDM2M2JjN2M0YzAiOnsiY3JlYXRlIjoyNDAwMDAwMDAwMDAsImRlbGV0ZSI6MjQwMDAwMDAwMDAwLCJyZWFkIjoyNDAwMDAwMDAwMDAsInVwZGF0ZSI6MjQwMDAwMDAwMDAwfX0=",
          "dependencies": [
            "module.countries.module.policies.data.google_organization.this"
          ]
        }
      ]
    },
    {
      "module": "module.countries.module.policies.module.disable_policies[\"constraints/compute.disableGuestAttributesAccess\"]",
      "mode": "managed",
      "type": "google_organization_policy",
      "name": "org_policy_boolean",
      "provider": "provider[\"registry.terraform.io/hashicorp/google\"]",
      "instances": [
        {
          "index_key": 0,
          "schema_version": 0,
          "attributes": {
            "boolean_policy": [
              {
                "enforced": false
              }
            ],
            "constraint": "constraints/compute.disableGuestAttributesAccess",
            "etag": "COWS4osGEJCY6rAC",
            "id": "628541688951/constraints/compute.disableGuestAttributesAccess",
            "list_policy": [],
            "org_id": "628541688951",
            "restore_policy": [],
            "timeouts": null,
            "update_time": "2021-10-26T23:04:05.639274Z",
            "version": 0
          },
          "sensitive_attributes": [],
          "private": "eyJlMmJmYjczMC1lY2FhLTExZTYtOGY4OC0zNDM2M2JjN2M0YzAiOnsiY3JlYXRlIjoyNDAwMDAwMDAwMDAsImRlbGV0ZSI6MjQwMDAwMDAwMDAwLCJyZWFkIjoyNDAwMDAwMDAwMDAsInVwZGF0ZSI6MjQwMDAwMDAwMDAwfX0=",
          "dependencies": [
            "module.countries.module.policies.data.google_organization.this"
          ]
        }
      ]
    },
    {
      "module": "module.countries.module.policies.module.disable_policies[\"constraints/gcp.disableCloudLogging\"]",
      "mode": "managed",
      "type": "google_organization_policy",
      "name": "org_policy_boolean",
      "provider": "provider[\"registry.terraform.io/hashicorp/google\"]",
      "instances": [
        {
          "index_key": 0,
          "schema_version": 0,
          "attributes": {
            "boolean_policy": [
              {
                "enforced": false
              }
            ],
            "constraint": "constraints/gcp.disableCloudLogging",
            "etag": "COWS4osGEKCmluEC",
            "id": "628541688951/constraints/gcp.disableCloudLogging",
            "list_policy": [],
            "org_id": "628541688951",
            "restore_policy": [],
            "timeouts": null,
            "update_time": "2021-10-26T23:04:05.740660Z",
            "version": 0
          },
          "sensitive_attributes": [],
          "private": "eyJlMmJmYjczMC1lY2FhLTExZTYtOGY4OC0zNDM2M2JjN2M0YzAiOnsiY3JlYXRlIjoyNDAwMDAwMDAwMDAsImRlbGV0ZSI6MjQwMDAwMDAwMDAwLCJyZWFkIjoyNDAwMDAwMDAwMDAsInVwZGF0ZSI6MjQwMDAwMDAwMDAwfX0=",
          "dependencies": [
            "module.countries.module.policies.data.google_organization.this"
          ]
        }
      ]
    },
    {
      "module": "module.countries.module.policies.module.disable_policies[\"constraints/iam.disableServiceAccountCreation\"]",
      "mode": "managed",
      "type": "google_organization_policy",
      "name": "org_policy_boolean",
      "provider": "provider[\"registry.terraform.io/hashicorp/google\"]",
      "instances": [
        {
          "index_key": 0,
          "schema_version": 0,
          "attributes": {
            "boolean_policy": [
              {
                "enforced": false
              }
            ],
            "constraint": "constraints/iam.disableServiceAccountCreation",
            "etag": "COOS4osGEPDAvOEC",
            "id": "628541688951/constraints/iam.disableServiceAccountCreation",
            "list_policy": [],
            "org_id": "628541688951",
            "restore_policy": [],
            "timeouts": null,
            "update_time": "2021-10-26T23:04:03.741286Z",
            "version": 0
          },
          "sensitive_attributes": [],
          "private": "eyJlMmJmYjczMC1lY2FhLTExZTYtOGY4OC0zNDM2M2JjN2M0YzAiOnsiY3JlYXRlIjoyNDAwMDAwMDAwMDAsImRlbGV0ZSI6MjQwMDAwMDAwMDAwLCJyZWFkIjoyNDAwMDAwMDAwMDAsInVwZGF0ZSI6MjQwMDAwMDAwMDAwfX0=",
          "dependencies": [
            "module.countries.module.policies.data.google_organization.this"
          ]
        }
      ]
    },
    {
      "module": "module.countries.module.policies.module.disable_policies[\"constraints/iam.disableServiceAccountKeyCreation\"]",
      "mode": "managed",
      "type": "google_organization_policy",
      "name": "org_policy_boolean",
      "provider": "provider[\"registry.terraform.io/hashicorp/google\"]",
      "instances": [
        {
          "index_key": 0,
          "schema_version": 0,
          "attributes": {
            "boolean_policy": [
              {
                "enforced": false
              }
            ],
            "constraint": "constraints/iam.disableServiceAccountKeyCreation",
            "etag": "COWS4osGEMDjtYAC",
            "id": "628541688951/constraints/iam.disableServiceAccountKeyCreation",
            "list_policy": [],
            "org_id": "628541688951",
            "restore_policy": [],
            "timeouts": null,
            "update_time": "2021-10-26T23:04:05.537752Z",
            "version": 0
          },
          "sensitive_attributes": [],
          "private": "eyJlMmJmYjczMC1lY2FhLTExZTYtOGY4OC0zNDM2M2JjN2M0YzAiOnsiY3JlYXRlIjoyNDAwMDAwMDAwMDAsImRlbGV0ZSI6MjQwMDAwMDAwMDAwLCJyZWFkIjoyNDAwMDAwMDAwMDAsInVwZGF0ZSI6MjQwMDAwMDAwMDAwfX0=",
          "dependencies": [
            "module.countries.module.policies.data.google_organization.this"
          ]
        }
      ]
    },
    {
      "module": "module.countries.module.policies.module.disable_policies[\"sql.disableDefaultEncryptionCreation\"]",
      "mode": "managed",
      "type": "google_organization_policy",
      "name": "org_policy_boolean",
      "provider": "provider[\"registry.terraform.io/hashicorp/google\"]",
      "instances": [
        {
          "index_key": 0,
          "schema_version": 0,
          "attributes": {
            "boolean_policy": [
              {
                "enforced": false
              }
            ],
            "constraint": "constraints/sql.disableDefaultEncryptionCreation",
            "etag": "COOS4osGEOjmzOEC",
            "id": "628541688951/sql.disableDefaultEncryptionCreation",
            "list_policy": [],
            "org_id": "628541688951",
            "restore_policy": [],
            "timeouts": null,
            "update_time": "2021-10-26T23:04:03.741553Z",
            "version": 0
          },
          "sensitive_attributes": [],
          "private": "eyJlMmJmYjczMC1lY2FhLTExZTYtOGY4OC0zNDM2M2JjN2M0YzAiOnsiY3JlYXRlIjoyNDAwMDAwMDAwMDAsImRlbGV0ZSI6MjQwMDAwMDAwMDAwLCJyZWFkIjoyNDAwMDAwMDAwMDAsInVwZGF0ZSI6MjQwMDAwMDAwMDAwfX0=",
          "dependencies": [
            "module.countries.module.policies.data.google_organization.this"
          ]
        }
      ]
    },
    {
      "module": "module.countries.module.policies.module.enable_policies[\"constraints/appengine.disableCodeDownload\"]",
      "mode": "managed",
      "type": "google_organization_policy",
      "name": "org_policy_boolean",
      "provider": "provider[\"registry.terraform.io/hashicorp/google\"]",
      "instances": [
        {
          "index_key": 0,
          "schema_version": 0,
          "attributes": {
            "boolean_policy": [
              {
                "enforced": true
              }
            ],
            "constraint": "constraints/appengine.disableCodeDownload",
            "etag": "COKS4osGEJD9zxg=",
            "id": "628541688951/constraints/appengine.disableCodeDownload",
            "list_policy": [],
            "org_id": "628541688951",
            "restore_policy": [],
            "timeouts": null,
            "update_time": "2021-10-26T23:04:02.051642Z",
            "version": 0
          },
          "sensitive_attributes": [],
          "private": "eyJlMmJmYjczMC1lY2FhLTExZTYtOGY4OC0zNDM2M2JjN2M0YzAiOnsiY3JlYXRlIjoyNDAwMDAwMDAwMDAsImRlbGV0ZSI6MjQwMDAwMDAwMDAwLCJyZWFkIjoyNDAwMDAwMDAwMDAsInVwZGF0ZSI6MjQwMDAwMDAwMDAwfX0=",
          "dependencies": [
            "module.countries.module.policies.data.google_organization.this"
          ]
        }
      ]
    },
    {
      "module": "module.countries.module.policies.module.enable_policies[\"constraints/compute.disableInternetNetworkEndpointGroup\"]",
      "mode": "managed",
      "type": "google_organization_policy",
      "name": "org_policy_boolean",
      "provider": "provider[\"registry.terraform.io/hashicorp/google\"]",
      "instances": [
        {
          "index_key": 0,
          "schema_version": 0,
          "attributes": {
            "boolean_policy": [
              {
                "enforced": true
              }
            ],
            "constraint": "constraints/compute.disableInternetNetworkEndpointGroup",
            "etag": "COGS4osGEJib3rUD",
            "id": "628541688951/constraints/compute.disableInternetNetworkEndpointGroup",
            "list_policy": [],
            "org_id": "628541688951",
            "restore_policy": [],
            "timeouts": null,
            "update_time": "2021-10-26T23:04:01.917999Z",
            "version": 0
          },
          "sensitive_attributes": [],
          "private": "eyJlMmJmYjczMC1lY2FhLTExZTYtOGY4OC0zNDM2M2JjN2M0YzAiOnsiY3JlYXRlIjoyNDAwMDAwMDAwMDAsImRlbGV0ZSI6MjQwMDAwMDAwMDAwLCJyZWFkIjoyNDAwMDAwMDAwMDAsInVwZGF0ZSI6MjQwMDAwMDAwMDAwfX0=",
          "dependencies": [
            "module.countries.module.policies.data.google_organization.this"
          ]
        }
      ]
    },
    {
      "module": "module.countries.module.policies.module.enable_policies[\"constraints/compute.disableNestedVirtualization\"]",
      "mode": "managed",
      "type": "google_organization_policy",
      "name": "org_policy_boolean",
      "provider": "provider[\"registry.terraform.io/hashicorp/google\"]",
      "instances": [
        {
          "index_key": 0,
          "schema_version": 0,
          "attributes": {
            "boolean_policy": [
              {
                "enforced": true
              }
            ],
            "constraint": "constraints/compute.disableNestedVirtualization",
            "etag": "COGS4osGEIDZzLUD",
            "id": "628541688951/constraints/compute.disableNestedVirtualization",
            "list_policy": [],
            "org_id": "628541688951",
            "restore_policy": [],
            "timeouts": null,
            "update_time": "2021-10-26T23:04:01.917712Z",
            "version": 0
          },
          "sensitive_attributes": [],
          "private": "eyJlMmJmYjczMC1lY2FhLTExZTYtOGY4OC0zNDM2M2JjN2M0YzAiOnsiY3JlYXRlIjoyNDAwMDAwMDAwMDAsImRlbGV0ZSI6MjQwMDAwMDAwMDAwLCJyZWFkIjoyNDAwMDAwMDAwMDAsInVwZGF0ZSI6MjQwMDAwMDAwMDAwfX0=",
          "dependencies": [
            "module.countries.module.policies.data.google_organization.this"
          ]
        }
      ]
    },
    {
      "module": "module.countries.module.policies.module.enable_policies[\"constraints/compute.disableSerialPortAccess\"]",
      "mode": "managed",
      "type": "google_organization_policy",
      "name": "org_policy_boolean",
      "provider": "provider[\"registry.terraform.io/hashicorp/google\"]",
      "instances": [
        {
          "index_key": 0,
          "schema_version": 0,
          "attributes": {
            "boolean_policy": [
              {
                "enforced": true
              }
            ],
            "constraint": "constraints/compute.disableSerialPortAccess",
            "etag": "COWS4osGEJCCgmk=",
            "id": "628541688951/constraints/compute.disableSerialPortAccess",
            "list_policy": [],
            "org_id": "628541688951",
            "restore_policy": [],
            "timeouts": null,
            "update_time": "2021-10-26T23:04:05.220234Z",
            "version": 0
          },
          "sensitive_attributes": [],
          "private": "eyJlMmJmYjczMC1lY2FhLTExZTYtOGY4OC0zNDM2M2JjN2M0YzAiOnsiY3JlYXRlIjoyNDAwMDAwMDAwMDAsImRlbGV0ZSI6MjQwMDAwMDAwMDAwLCJyZWFkIjoyNDAwMDAwMDAwMDAsInVwZGF0ZSI6MjQwMDAwMDAwMDAwfX0=",
          "dependencies": [
            "module.countries.module.policies.data.google_organization.this"
          ]
        }
      ]
    },
    {
      "module": "module.countries.module.policies.module.enable_policies[\"constraints/compute.disableSerialPortLogging\"]",
      "mode": "managed",
      "type": "google_organization_policy",
      "name": "org_policy_boolean",
      "provider": "provider[\"registry.terraform.io/hashicorp/google\"]",
      "instances": [
        {
          "index_key": 0,
          "schema_version": 0,
          "attributes": {
            "boolean_policy": [
              {
                "enforced": true
              }
            ],
            "constraint": "constraints/compute.disableSerialPortLogging",
            "etag": "COGS4osGELCRtbUD",
            "id": "628541688951/constraints/compute.disableSerialPortLogging",
            "list_policy": [],
            "org_id": "628541688951",
            "restore_policy": [],
            "timeouts": null,
            "update_time": "2021-10-26T23:04:01.917326Z",
            "version": 0
          },
          "sensitive_attributes": [],
          "private": "eyJlMmJmYjczMC1lY2FhLTExZTYtOGY4OC0zNDM2M2JjN2M0YzAiOnsiY3JlYXRlIjoyNDAwMDAwMDAwMDAsImRlbGV0ZSI6MjQwMDAwMDAwMDAwLCJyZWFkIjoyNDAwMDAwMDAwMDAsInVwZGF0ZSI6MjQwMDAwMDAwMDAwfX0=",
          "dependencies": [
            "module.countries.module.policies.data.google_organization.this"
          ]
        }
      ]
    },
    {
      "module": "module.countries.module.policies.module.enable_policies[\"constraints/compute.requireOsLogin\"]",
      "mode": "managed",
      "type": "google_organization_policy",
      "name": "org_policy_boolean",
      "provider": "provider[\"registry.terraform.io/hashicorp/google\"]",
      "instances": [
        {
          "index_key": 0,
          "schema_version": 0,
          "attributes": {
            "boolean_policy": [
              {
                "enforced": true
              }
            ],
            "constraint": "constraints/compute.requireOsLogin",
            "etag": "COOS4osGENiplNYC",
            "id": "628541688951/constraints/compute.requireOsLogin",
            "list_policy": [],
            "org_id": "628541688951",
            "restore_policy": [],
            "timeouts": null,
            "update_time": "2021-10-26T23:04:03.717559Z",
            "version": 0
          },
          "sensitive_attributes": [],
          "private": "eyJlMmJmYjczMC1lY2FhLTExZTYtOGY4OC0zNDM2M2JjN2M0YzAiOnsiY3JlYXRlIjoyNDAwMDAwMDAwMDAsImRlbGV0ZSI6MjQwMDAwMDAwMDAwLCJyZWFkIjoyNDAwMDAwMDAwMDAsInVwZGF0ZSI6MjQwMDAwMDAwMDAwfX0=",
          "dependencies": [
            "module.countries.module.policies.data.google_organization.this"
          ]
        }
      ]
    },
    {
      "module": "module.countries.module.policies.module.enable_policies[\"constraints/compute.requireShieldedVm\"]",
      "mode": "managed",
      "type": "google_organization_policy",
      "name": "org_policy_boolean",
      "provider": "provider[\"registry.terraform.io/hashicorp/google\"]",
      "instances": [
        {
          "index_key": 0,
          "schema_version": 0,
          "attributes": {
            "boolean_policy": [
              {
                "enforced": true
              }
            ],
            "constraint": "constraints/compute.requireShieldedVm",
            "etag": "COOS4osGEPi67NYC",
            "id": "628541688951/constraints/compute.requireShieldedVm",
            "list_policy": [],
            "org_id": "628541688951",
            "restore_policy": [],
            "timeouts": null,
            "update_time": "2021-10-26T23:04:03.719003Z",
            "version": 0
          },
          "sensitive_attributes": [],
          "private": "eyJlMmJmYjczMC1lY2FhLTExZTYtOGY4OC0zNDM2M2JjN2M0YzAiOnsiY3JlYXRlIjoyNDAwMDAwMDAwMDAsImRlbGV0ZSI6MjQwMDAwMDAwMDAwLCJyZWFkIjoyNDAwMDAwMDAwMDAsInVwZGF0ZSI6MjQwMDAwMDAwMDAwfX0=",
          "dependencies": [
            "module.countries.module.policies.data.google_organization.this"
          ]
        }
      ]
    },
    {
      "module": "module.countries.module.policies.module.enable_policies[\"constraints/compute.restrictXpnProjectLienRemoval\"]",
      "mode": "managed",
      "type": "google_organization_policy",
      "name": "org_policy_boolean",
      "provider": "provider[\"registry.terraform.io/hashicorp/google\"]",
      "instances": [
        {
          "index_key": 0,
          "schema_version": 0,
          "attributes": {
            "boolean_policy": [
              {
                "enforced": true
              }
            ],
            "constraint": "constraints/compute.restrictXpnProjectLienRemoval",
            "etag": "COOS4osGELDchL0D",
            "id": "628541688951/constraints/compute.restrictXpnProjectLienRemoval",
            "list_policy": [],
            "org_id": "628541688951",
            "restore_policy": [],
            "timeouts": null,
            "update_time": "2021-10-26T23:04:03.933310Z",
            "version": 0
          },
          "sensitive_attributes": [],
          "private": "eyJlMmJmYjczMC1lY2FhLTExZTYtOGY4OC0zNDM2M2JjN2M0YzAiOnsiY3JlYXRlIjoyNDAwMDAwMDAwMDAsImRlbGV0ZSI6MjQwMDAwMDAwMDAwLCJyZWFkIjoyNDAwMDAwMDAwMDAsInVwZGF0ZSI6MjQwMDAwMDAwMDAwfX0=",
          "dependencies": [
            "module.countries.module.policies.data.google_organization.this"
          ]
        }
      ]
    },
    {
      "module": "module.countries.module.policies.module.enable_policies[\"constraints/compute.setNewProjectDefaultToZonalDNSOnly\"]",
      "mode": "managed",
      "type": "google_organization_policy",
      "name": "org_policy_boolean",
      "provider": "provider[\"registry.terraform.io/hashicorp/google\"]",
      "instances": [
        {
          "index_key": 0,
          "schema_version": 0,
          "attributes": {
            "boolean_policy": [
              {
                "enforced": true
              }
            ],
            "constraint": "constraints/compute.setNewProjectDefaultToZonalDNSOnly",
            "etag": "COWS4osGELC0nc0B",
            "id": "628541688951/constraints/compute.setNewProjectDefaultToZonalDNSOnly",
            "list_policy": [],
            "org_id": "628541688951",
            "restore_policy": [],
            "timeouts": null,
            "update_time": "2021-10-26T23:04:05.430398Z",
            "version": 0
          },
          "sensitive_attributes": [],
          "private": "eyJlMmJmYjczMC1lY2FhLTExZTYtOGY4OC0zNDM2M2JjN2M0YzAiOnsiY3JlYXRlIjoyNDAwMDAwMDAwMDAsImRlbGV0ZSI6MjQwMDAwMDAwMDAwLCJyZWFkIjoyNDAwMDAwMDAwMDAsInVwZGF0ZSI6MjQwMDAwMDAwMDAwfX0=",
          "dependencies": [
            "module.countries.module.policies.data.google_organization.this"
          ]
        }
      ]
    },
    {
      "module": "module.countries.module.policies.module.enable_policies[\"constraints/compute.skipDefaultNetworkCreation\"]",
      "mode": "managed",
      "type": "google_organization_policy",
      "name": "org_policy_boolean",
      "provider": "provider[\"registry.terraform.io/hashicorp/google\"]",
      "instances": [
        {
          "index_key": 0,
          "schema_version": 0,
          "attributes": {
            "boolean_policy": [
              {
                "enforced": true
              }
            ],
            "constraint": "constraints/compute.skipDefaultNetworkCreation",
            "etag": "COOS4osGEJjK47wD",
            "id": "628541688951/constraints/compute.skipDefaultNetworkCreation",
            "list_policy": [],
            "org_id": "628541688951",
            "restore_policy": [],
            "timeouts": null,
            "update_time": "2021-10-26T23:04:03.932767Z",
            "version": 0
          },
          "sensitive_attributes": [],
          "private": "eyJlMmJmYjczMC1lY2FhLTExZTYtOGY4OC0zNDM2M2JjN2M0YzAiOnsiY3JlYXRlIjoyNDAwMDAwMDAwMDAsImRlbGV0ZSI6MjQwMDAwMDAwMDAwLCJyZWFkIjoyNDAwMDAwMDAwMDAsInVwZGF0ZSI6MjQwMDAwMDAwMDAwfX0=",
          "dependencies": [
            "module.countries.module.policies.data.google_organization.this"
          ]
        }
      ]
    },
    {
      "module": "module.countries.module.policies.module.enable_policies[\"constraints/gcp.detailedAuditLoggingMode\"]",
      "mode": "managed",
      "type": "google_organization_policy",
      "name": "org_policy_boolean",
      "provider": "provider[\"registry.terraform.io/hashicorp/google\"]",
      "instances": [
        {
          "index_key": 0,
          "schema_version": 0,
          "attributes": {
            "boolean_policy": [
              {
                "enforced": true
              }
            ],
            "constraint": "constraints/gcp.detailedAuditLoggingMode",
            "etag": "COGS4osGEKj2rbYD",
            "id": "628541688951/constraints/gcp.detailedAuditLoggingMode",
            "list_policy": [],
            "org_id": "628541688951",
            "restore_policy": [],
            "timeouts": null,
            "update_time": "2021-10-26T23:04:01.919305Z",
            "version": 0
          },
          "sensitive_attributes": [],
          "private": "eyJlMmJmYjczMC1lY2FhLTExZTYtOGY4OC0zNDM2M2JjN2M0YzAiOnsiY3JlYXRlIjoyNDAwMDAwMDAwMDAsImRlbGV0ZSI6MjQwMDAwMDAwMDAwLCJyZWFkIjoyNDAwMDAwMDAwMDAsInVwZGF0ZSI6MjQwMDAwMDAwMDAwfX0=",
          "dependencies": [
            "module.countries.module.policies.data.google_organization.this"
          ]
        }
      ]
    },
    {
      "module": "module.countries.module.policies.module.enable_policies[\"constraints/iam.automaticIamGrantsForDefaultServiceAccounts\"]",
      "mode": "managed",
      "type": "google_organization_policy",
      "name": "org_policy_boolean",
      "provider": "provider[\"registry.terraform.io/hashicorp/google\"]",
      "instances": [
        {
          "index_key": 0,
          "schema_version": 0,
          "attributes": {
            "boolean_policy": [
              {
                "enforced": true
              }
            ],
            "constraint": "constraints/iam.automaticIamGrantsForDefaultServiceAccounts",
            "etag": "COOS4osGEJCGw7wD",
            "id": "628541688951/constraints/iam.automaticIamGrantsForDefaultServiceAccounts",
            "list_policy": [],
            "org_id": "628541688951",
            "restore_policy": [],
            "timeouts": null,
            "update_time": "2021-10-26T23:04:03.932234Z",
            "version": 0
          },
          "sensitive_attributes": [],
          "private": "eyJlMmJmYjczMC1lY2FhLTExZTYtOGY4OC0zNDM2M2JjN2M0YzAiOnsiY3JlYXRlIjoyNDAwMDAwMDAwMDAsImRlbGV0ZSI6MjQwMDAwMDAwMDAwLCJyZWFkIjoyNDAwMDAwMDAwMDAsInVwZGF0ZSI6MjQwMDAwMDAwMDAwfX0=",
          "dependencies": [
            "module.countries.module.policies.data.google_organization.this"
          ]
        }
      ]
    },
    {
      "module": "module.countries.module.policies.module.enable_policies[\"constraints/iam.disableServiceAccountKeyUpload\"]",
      "mode": "managed",
      "type": "google_organization_policy",
      "name": "org_policy_boolean",
      "provider": "provider[\"registry.terraform.io/hashicorp/google\"]",
      "instances": [
        {
          "index_key": 0,
          "schema_version": 0,
          "attributes": {
            "boolean_policy": [
              {
                "enforced": true
              }
            ],
            "constraint": "constraints/iam.disableServiceAccountKeyUpload",
            "etag": "COKS4osGEMCbnRY=",
            "id": "628541688951/constraints/iam.disableServiceAccountKeyUpload",
            "list_policy": [],
            "org_id": "628541688951",
            "restore_policy": [],
            "timeouts": null,
            "update_time": "2021-10-26T23:04:02.046616Z",
            "version": 0
          },
          "sensitive_attributes": [],
          "private": "eyJlMmJmYjczMC1lY2FhLTExZTYtOGY4OC0zNDM2M2JjN2M0YzAiOnsiY3JlYXRlIjoyNDAwMDAwMDAwMDAsImRlbGV0ZSI6MjQwMDAwMDAwMDAwLCJyZWFkIjoyNDAwMDAwMDAwMDAsInVwZGF0ZSI6MjQwMDAwMDAwMDAwfX0=",
          "dependencies": [
            "module.countries.module.policies.data.google_organization.this"
          ]
        }
      ]
    },
    {
      "module": "module.countries.module.policies.module.enable_policies[\"constraints/iam.restrictCrossProjectServiceAccountLienRemoval\"]",
      "mode": "managed",
      "type": "google_organization_policy",
      "name": "org_policy_boolean",
      "provider": "provider[\"registry.terraform.io/hashicorp/google\"]",
      "instances": [
        {
          "index_key": 0,
          "schema_version": 0,
          "attributes": {
            "boolean_policy": [
              {
                "enforced": true
              }
            ],
            "constraint": "constraints/iam.restrictCrossProjectServiceAccountLienRemoval",
            "etag": "COGS4osGEJj95LYD",
            "id": "628541688951/constraints/iam.restrictCrossProjectServiceAccountLienRemoval",
            "list_policy": [],
            "org_id": "628541688951",
            "restore_policy": [],
            "timeouts": null,
            "update_time": "2021-10-26T23:04:01.920207Z",
            "version": 0
          },
          "sensitive_attributes": [],
          "private": "eyJlMmJmYjczMC1lY2FhLTExZTYtOGY4OC0zNDM2M2JjN2M0YzAiOnsiY3JlYXRlIjoyNDAwMDAwMDAwMDAsImRlbGV0ZSI6MjQwMDAwMDAwMDAwLCJyZWFkIjoyNDAwMDAwMDAwMDAsInVwZGF0ZSI6MjQwMDAwMDAwMDAwfX0=",
          "dependencies": [
            "module.countries.module.policies.data.google_organization.this"
          ]
        }
      ]
    },
    {
      "module": "module.countries.module.policies.module.enable_policies[\"constraints/sql.restrictPublicIp\"]",
      "mode": "managed",
      "type": "google_organization_policy",
      "name": "org_policy_boolean",
      "provider": "provider[\"registry.terraform.io/hashicorp/google\"]",
      "instances": [
        {
          "index_key": 0,
          "schema_version": 0,
          "attributes": {
            "boolean_policy": [
              {
                "enforced": true
              }
            ],
            "constraint": "constraints/sql.restrictPublicIp",
            "etag": "COWS4osGEOj2l2k=",
            "id": "628541688951/constraints/sql.restrictPublicIp",
            "list_policy": [],
            "org_id": "628541688951",
            "restore_policy": [],
            "timeouts": null,
            "update_time": "2021-10-26T23:04:05.220593Z",
            "version": 0
          },
          "sensitive_attributes": [],
          "private": "eyJlMmJmYjczMC1lY2FhLTExZTYtOGY4OC0zNDM2M2JjN2M0YzAiOnsiY3JlYXRlIjoyNDAwMDAwMDAwMDAsImRlbGV0ZSI6MjQwMDAwMDAwMDAwLCJyZWFkIjoyNDAwMDAwMDAwMDAsInVwZGF0ZSI6MjQwMDAwMDAwMDAwfX0=",
          "dependencies": [
            "module.countries.module.policies.data.google_organization.this"
          ]
        }
      ]
    },
    {
      "module": "module.countries.module.policies.module.enable_policies[\"constraints/storage.uniformBucketLevelAccess\"]",
      "mode": "managed",
      "type": "google_organization_policy",
      "name": "org_policy_boolean",
      "provider": "provider[\"registry.terraform.io/hashicorp/google\"]",
      "instances": [
        {
          "index_key": 0,
          "schema_version": 0,
          "attributes": {
            "boolean_policy": [
              {
                "enforced": true
              }
            ],
            "constraint": "constraints/storage.uniformBucketLevelAccess",
            "etag": "COKS4osGEKitghA=",
            "id": "628541688951/constraints/storage.uniformBucketLevelAccess",
            "list_policy": [],
            "org_id": "628541688951",
            "restore_policy": [],
            "timeouts": null,
            "update_time": "2021-10-26T23:04:02.033593Z",
            "version": 0
          },
          "sensitive_attributes": [],
          "private": "eyJlMmJmYjczMC1lY2FhLTExZTYtOGY4OC0zNDM2M2JjN2M0YzAiOnsiY3JlYXRlIjoyNDAwMDAwMDAwMDAsImRlbGV0ZSI6MjQwMDAwMDAwMDAwLCJyZWFkIjoyNDAwMDAwMDAwMDAsInVwZGF0ZSI6MjQwMDAwMDAwMDAwfX0=",
          "dependencies": [
            "module.countries.module.policies.data.google_organization.this"
          ]
        }
      ]
    },
    {
      "module": "module.gbr",
      "mode": "managed",
      "type": "google_folder",
      "name": "this",
      "provider": "provider[\"registry.terraform.io/hashicorp/google\"]",
      "instances": [
        {
          "schema_version": 0,
          "attributes": {
            "create_time": "2021-10-26T23:04:17.438Z",
            "display_name": "gbr",
            "folder_id": "753136096460",
            "id": "folders/753136096460",
            "lifecycle_state": "ACTIVE",
            "name": "folders/753136096460",
            "parent": "folders/73580939175",
            "timeouts": null
          },
          "sensitive_attributes": [],
          "private": "eyJlMmJmYjczMC1lY2FhLTExZTYtOGY4OC0zNDM2M2JjN2M0YzAiOnsiY3JlYXRlIjoyNDAwMDAwMDAwMDAsImRlbGV0ZSI6MjQwMDAwMDAwMDAwLCJyZWFkIjoyNDAwMDAwMDAwMDAsInVwZGF0ZSI6MjQwMDAwMDAwMDAwfX0=",
          "dependencies": [
            "module.countries.data.google_organization.this",
            "module.countries.google_folder.this"
          ]
        }
      ]
    },
    {
      "module": "module.hgk",
      "mode": "managed",
      "type": "google_folder",
      "name": "this",
      "provider": "provider[\"registry.terraform.io/hashicorp/google\"]",
      "instances": [
        {
          "schema_version": 0,
          "attributes": {
            "create_time": "2021-10-26T23:27:35.109Z",
            "display_name": "hgk",
            "folder_id": "942771303664",
            "id": "folders/942771303664",
            "lifecycle_state": "ACTIVE",
            "name": "folders/942771303664",
            "parent": "folders/73580939175",
            "timeouts": null
          },
          "sensitive_attributes": [],
          "private": "eyJlMmJmYjczMC1lY2FhLTExZTYtOGY4OC0zNDM2M2JjN2M0YzAiOnsiY3JlYXRlIjoyNDAwMDAwMDAwMDAsImRlbGV0ZSI6MjQwMDAwMDAwMDAwLCJyZWFkIjoyNDAwMDAwMDAwMDAsInVwZGF0ZSI6MjQwMDAwMDAwMDAwfX0=",
          "dependencies": [
            "module.countries.google_folder.this"
          ]
        }
      ]
    },
    {
      "module": "module.sandpit",
      "mode": "data",
      "type": "google_organization",
      "name": "this",
      "provider": "provider[\"registry.terraform.io/hashicorp/google\"]",
      "instances": [
        {
          "schema_version": 0,
          "attributes": {
            "create_time": "2017-04-26T12:42:59.894Z",
            "directory_customer_id": "C02x9m50f",
            "domain": "delineate.io",
            "id": "organizations/628541688951",
            "lifecycle_state": "ACTIVE",
            "name": "organizations/628541688951",
            "org_id": "628541688951",
            "organization": null
          },
          "sensitive_attributes": []
        }
      ]
    },
    {
      "module": "module.sandpit",
      "mode": "managed",
      "type": "google_folder",
      "name": "this",
      "provider": "provider[\"registry.terraform.io/hashicorp/google\"]",
      "instances": [
        {
          "schema_version": 0,
          "attributes": {
            "create_time": "2021-10-26T23:04:06.296Z",
            "display_name": "sandpit",
            "folder_id": "934458050689",
            "id": "folders/934458050689",
            "lifecycle_state": "ACTIVE",
            "name": "folders/934458050689",
            "parent": "organizations/628541688951",
            "timeouts": null
          },
          "sensitive_attributes": [],
          "private": "eyJlMmJmYjczMC1lY2FhLTExZTYtOGY4OC0zNDM2M2JjN2M0YzAiOnsiY3JlYXRlIjoyNDAwMDAwMDAwMDAsImRlbGV0ZSI6MjQwMDAwMDAwMDAwLCJyZWFkIjoyNDAwMDAwMDAwMDAsInVwZGF0ZSI6MjQwMDAwMDAwMDAwfX0=",
          "dependencies": [
            "module.sandpit.data.google_organization.this"
          ]
        }
      ]
    }
  ]
}
